
Microsoft Visual Studio Solution File, Format Version 12.00
# Visual Studio Version 16
VisualStudioVersion = 16.0.29911.84
MinimumVisualStudioVersion = 10.0.40219.1
Project("{FAE04EC0-301F-11D3-BF4B-00C04F79EFBC}") = "ComputerNet.DAL", "ComputerWeb.DAL\ComputerNet.DAL.csproj", "{4FD63F90-EA67-4CE9-A990-32F73F131301}"
EndProject
Project("{FAE04EC0-301F-11D3-BF4B-00C04F79EFBC}") = "ComputerNet.BLL", "ComputerNet.BLL\ComputerNet.BLL.csproj", "{16D658EA-DBE4-4A8E-B899-63DA2C2F883F}"
EndProject
Project("{FAE04EC0-301F-11D3-BF4B-00C04F79EFBC}") = "ComputerNet.WEB", "ComputerNet.WEB\ComputerNet.WEB.csproj", "{F5A51C33-5057-4D51-A739-8F9A74E9142D}"
EndProject
Global
	GlobalSection(SolutionConfigurationPlatforms) = preSolution
		Debug|Any CPU = Debug|Any CPU
		Release|Any CPU = Release|Any CPU
	EndGlobalSection
	GlobalSection(ProjectConfigurationPlatforms) = postSolution
		{4FD63F90-EA67-4CE9-A990-32F73F131301}.Debug|Any CPU.ActiveCfg = Debug|Any CPU
		{4FD63F90-EA67-4CE9-A990-32F73F131301}.Debug|Any CPU.Build.0 = Debug|Any CPU
		{4FD63F90-EA67-4CE9-A990-32F73F131301}.Release|Any CPU.ActiveCfg = Release|Any CPU
		{4FD63F90-EA67-4CE9-A990-32F73F131301}.Release|Any CPU.Build.0 = Release|Any CPU
		{16D658EA-DBE4-4A8E-B899-63DA2C2F883F}.Debug|Any CPU.ActiveCfg = Debug|Any CPU
		{16D658EA-DBE4-4A8E-B899-63DA2C2F883F}.Debug|Any CPU.Build.0 = Debug|Any CPU
		{16D658EA-DBE4-4A8E-B899-63DA2C2F883F}.Release|Any CPU.ActiveCfg = Release|Any CPU
		{16D658EA-DBE4-4A8E-B899-63DA2C2F883F}.Release|Any CPU.Build.0 = Release|Any CPU
		{F5A51C33-5057-4D51-A739-8F9A74E9142D}.Debug|Any CPU.ActiveCfg = Debug|Any CPU
		{F5A51C33-5057-4D51-A739-8F9A74E9142D}.Debug|Any CPU.Build.0 = Debug|Any CPU
		{F5A51C33-5057-4D51-A739-8F9A74E9142D}.Release|Any CPU.ActiveCfg = Release|Any CPU
		{F5A51C33-5057-4D51-A739-8F9A74E9142D}.Release|Any CPU.Build.0 = Release|Any CPU
	EndGlobalSection
	GlobalSection(SolutionProperties) = preSolution
		HideSolutionNode = FALSE
	EndGlobalSection
	GlobalSection(ExtensibilityGlobals) = postSolution
		SolutionGuid = {B6DDE95E-7262-4D7A-8D47-F0CFA9DF6EAB}
	EndGlobalSection
EndGlobal
